
Microsoft Visual Studio Solution File, Format Version 12.00
# Visual Studio Version 16
VisualStudioVersion = 16.0.31727.386
MinimumVisualStudioVersion = 10.0.40219.1
Project("{9A19103F-16F7-4668-BE54-9A1E7A4F7556}") = "HVVEDA_HFT_2021221.Client", "HVVEDA_HFT_2021221.Client\HVVEDA_HFT_2021221.Client.csproj", "{2CDB7C09-DC7B-4D8C-8D85-5EF84B5E80F4}"
	ProjectSection(ProjectDependencies) = postProject
		{30222B99-3F3B-42A4-AEFE-058223286C9E} = {30222B99-3F3B-42A4-AEFE-058223286C9E}
	EndProjectSection
EndProject
Project("{9A19103F-16F7-4668-BE54-9A1E7A4F7556}") = "HVVEDA_HFT_2021221.Models", "HVVEDA_HFT_2021221.Models\HVVEDA_HFT_2021221.Models.csproj", "{85FAD777-EA2F-4A54-89EE-608CBE7823A5}"
EndProject
Project("{9A19103F-16F7-4668-BE54-9A1E7A4F7556}") = "HVVEDA_HFT_2021221.Data", "HVVEDA_HFT_2021221.Data\HVVEDA_HFT_2021221.Data.csproj", "{30222B99-3F3B-42A4-AEFE-058223286C9E}"
EndProject
Project("{9A19103F-16F7-4668-BE54-9A1E7A4F7556}") = "HVVEDA_HFT_2021221.Logic", "HVVEDA_HFT_2021221.Logic\HVVEDA_HFT_2021221.Logic.csproj", "{A67F1C2F-6C21-4A9E-B52B-373F3BFBCB8B}"
EndProject
Project("{9A19103F-16F7-4668-BE54-9A1E7A4F7556}") = "HVVEDA_HFT_2021221.Repository", "HVVEDA_HFT_2021221.Repository\HVVEDA_HFT_2021221.Repository.csproj", "{8DCC239B-2D33-4541-8A1C-C8C4131BD76C}"
EndProject
Project("{9A19103F-16F7-4668-BE54-9A1E7A4F7556}") = "HVVEDA_HFT_2021221.Endpoint", "HVVEDA_HFT_2021221.Endpoint\HVVEDA_HFT_2021221.Endpoint.csproj", "{9177DF0D-0881-40B6-B911-679A0EFE11A8}"
EndProject
Project("{9A19103F-16F7-4668-BE54-9A1E7A4F7556}") = "HVVEDA_HFT_2021221.Test", "HVVEDA_HFT_2021221.Test\HVVEDA_HFT_2021221.Test.csproj", "{A34A1E6A-B624-41A7-BA69-877F1F64A8D1}"
EndProject
Project("{2150E333-8FDC-42A3-9474-1A3956D46DE8}") = "Backend", "Backend", "{D9329AEF-3559-4ACC-93DF-D013543998E2}"
EndProject
Project("{2150E333-8FDC-42A3-9474-1A3956D46DE8}") = "Frontend", "Frontend", "{A748BB89-3DA9-4179-8D65-7D7C16461492}"
EndProject
Project("{2150E333-8FDC-42A3-9474-1A3956D46DE8}") = "Shared", "Shared", "{39E61888-ABA0-4A89-8ACE-BFE74C085699}"
EndProject
Project("{2150E333-8FDC-42A3-9474-1A3956D46DE8}") = "Others", "Others", "{65A45953-ACE4-4337-861A-B8C882F94C52}"
	ProjectSection(SolutionItems) = preProject
		.gitignore = .gitignore
	EndProjectSection
EndProject
Global
	GlobalSection(SolutionConfigurationPlatforms) = preSolution
		Debug|Any CPU = Debug|Any CPU
		Release|Any CPU = Release|Any CPU
	EndGlobalSection
	GlobalSection(ProjectConfigurationPlatforms) = postSolution
		{2CDB7C09-DC7B-4D8C-8D85-5EF84B5E80F4}.Debug|Any CPU.ActiveCfg = Debug|Any CPU
		{2CDB7C09-DC7B-4D8C-8D85-5EF84B5E80F4}.Debug|Any CPU.Build.0 = Debug|Any CPU
		{2CDB7C09-DC7B-4D8C-8D85-5EF84B5E80F4}.Release|Any CPU.ActiveCfg = Release|Any CPU
		{2CDB7C09-DC7B-4D8C-8D85-5EF84B5E80F4}.Release|Any CPU.Build.0 = Release|Any CPU
		{85FAD777-EA2F-4A54-89EE-608CBE7823A5}.Debug|Any CPU.ActiveCfg = Debug|Any CPU
		{85FAD777-EA2F-4A54-89EE-608CBE7823A5}.Debug|Any CPU.Build.0 = Debug|Any CPU
		{85FAD777-EA2F-4A54-89EE-608CBE7823A5}.Release|Any CPU.ActiveCfg = Release|Any CPU
		{85FAD777-EA2F-4A54-89EE-608CBE7823A5}.Release|Any CPU.Build.0 = Release|Any CPU
		{30222B99-3F3B-42A4-AEFE-058223286C9E}.Debug|Any CPU.ActiveCfg = Debug|Any CPU
		{30222B99-3F3B-42A4-AEFE-058223286C9E}.Debug|Any CPU.Build.0 = Debug|Any CPU
		{30222B99-3F3B-42A4-AEFE-058223286C9E}.Release|Any CPU.ActiveCfg = Release|Any CPU
		{30222B99-3F3B-42A4-AEFE-058223286C9E}.Release|Any CPU.Build.0 = Release|Any CPU
		{A67F1C2F-6C21-4A9E-B52B-373F3BFBCB8B}.Debug|Any CPU.ActiveCfg = Debug|Any CPU
		{A67F1C2F-6C21-4A9E-B52B-373F3BFBCB8B}.Debug|Any CPU.Build.0 = Debug|Any CPU
		{A67F1C2F-6C21-4A9E-B52B-373F3BFBCB8B}.Release|Any CPU.ActiveCfg = Release|Any CPU
		{A67F1C2F-6C21-4A9E-B52B-373F3BFBCB8B}.Release|Any CPU.Build.0 = Release|Any CPU
		{8DCC239B-2D33-4541-8A1C-C8C4131BD76C}.Debug|Any CPU.ActiveCfg = Debug|Any CPU
		{8DCC239B-2D33-4541-8A1C-C8C4131BD76C}.Debug|Any CPU.Build.0 = Debug|Any CPU
		{8DCC239B-2D33-4541-8A1C-C8C4131BD76C}.Release|Any CPU.ActiveCfg = Release|Any CPU
		{8DCC239B-2D33-4541-8A1C-C8C4131BD76C}.Release|Any CPU.Build.0 = Release|Any CPU
		{9177DF0D-0881-40B6-B911-679A0EFE11A8}.Debug|Any CPU.ActiveCfg = Debug|Any CPU
		{9177DF0D-0881-40B6-B911-679A0EFE11A8}.Debug|Any CPU.Build.0 = Debug|Any CPU
		{9177DF0D-0881-40B6-B911-679A0EFE11A8}.Release|Any CPU.ActiveCfg = Release|Any CPU
		{9177DF0D-0881-40B6-B911-679A0EFE11A8}.Release|Any CPU.Build.0 = Release|Any CPU
		{A34A1E6A-B624-41A7-BA69-877F1F64A8D1}.Debug|Any CPU.ActiveCfg = Debug|Any CPU
		{A34A1E6A-B624-41A7-BA69-877F1F64A8D1}.Debug|Any CPU.Build.0 = Debug|Any CPU
		{A34A1E6A-B624-41A7-BA69-877F1F64A8D1}.Release|Any CPU.ActiveCfg = Release|Any CPU
		{A34A1E6A-B624-41A7-BA69-877F1F64A8D1}.Release|Any CPU.Build.0 = Release|Any CPU
	EndGlobalSection
	GlobalSection(SolutionProperties) = preSolution
		HideSolutionNode = FALSE
	EndGlobalSection
	GlobalSection(NestedProjects) = preSolution
		{2CDB7C09-DC7B-4D8C-8D85-5EF84B5E80F4} = {A748BB89-3DA9-4179-8D65-7D7C16461492}
		{85FAD777-EA2F-4A54-89EE-608CBE7823A5} = {39E61888-ABA0-4A89-8ACE-BFE74C085699}
		{30222B99-3F3B-42A4-AEFE-058223286C9E} = {D9329AEF-3559-4ACC-93DF-D013543998E2}
		{A67F1C2F-6C21-4A9E-B52B-373F3BFBCB8B} = {D9329AEF-3559-4ACC-93DF-D013543998E2}
		{8DCC239B-2D33-4541-8A1C-C8C4131BD76C} = {D9329AEF-3559-4ACC-93DF-D013543998E2}
		{9177DF0D-0881-40B6-B911-679A0EFE11A8} = {D9329AEF-3559-4ACC-93DF-D013543998E2}
		{A34A1E6A-B624-41A7-BA69-877F1F64A8D1} = {D9329AEF-3559-4ACC-93DF-D013543998E2}
	EndGlobalSection
	GlobalSection(ExtensibilityGlobals) = postSolution
		SolutionGuid = {70D37544-B564-4F71-8BFB-57C8FDD4DA78}
	EndGlobalSection
EndGlobal
